// !$*UTF8*$!
{
	archiveVersion = 1;
	classes = {
	};
	objectVersion = 46;
	objects = {

/* Begin PBXBuildFile section */
		A81D41F21D224760005D3F4F /* main.m in Sources */ = {isa = PBXBuildFile; fileRef = A81D41F11D224760005D3F4F /* main.m */; };
		A81D41F51D224760005D3F4F /* AppDelegate.m in Sources */ = {isa = PBXBuildFile; fileRef = A81D41F41D224760005D3F4F /* AppDelegate.m */; };
		A81D41F81D224760005D3F4F /* ViewController.m in Sources */ = {isa = PBXBuildFile; fileRef = A81D41F71D224760005D3F4F /* ViewController.m */; };
		A81D41FB1D224760005D3F4F /* Main.storyboard in Resources */ = {isa = PBXBuildFile; fileRef = A81D41F91D224760005D3F4F /* Main.storyboard */; };
		A81D41FD1D224760005D3F4F /* Assets.xcassets in Resources */ = {isa = PBXBuildFile; fileRef = A81D41FC1D224760005D3F4F /* Assets.xcassets */; };
		A81D42001D224760005D3F4F /* LaunchScreen.storyboard in Resources */ = {isa = PBXBuildFile; fileRef = A81D41FE1D224760005D3F4F /* LaunchScreen.storyboard */; };
		A81D42091D2249EE005D3F4F /* BDPerson.m in Sources */ = {isa = PBXBuildFile; fileRef = A81D42081D2249EE005D3F4F /* BDPerson.m */; };
		A81D420C1D225292005D3F4F /* NSMutableArray+Extension.m in Sources */ = {isa = PBXBuildFile; fileRef = A81D420B1D225292005D3F4F /* NSMutableArray+Extension.m */; };
		A81D420F1D225AAF005D3F4F /* Student.m in Sources */ = {isa = PBXBuildFile; fileRef = A81D420E1D225AAF005D3F4F /* Student.m */; };
/* End PBXBuildFile section */

/* Begin PBXFileReference section */
		A81D41ED1D224760005D3F4F /* MFRunTimeDemo.app */ = {isa = PBXFileReference; explicitFileType = wrapper.application; includeInIndex = 0; path = MFRunTimeDemo.app; sourceTree = BUILT_PRODUCTS_DIR; };
		A81D41F11D224760005D3F4F /* main.m */ = {isa = PBXFileReference; lastKnownFileType = sourcecode.c.objc; path = main.m; sourceTree = "<group>"; };
		A81D41F31D224760005D3F4F /* AppDelegate.h */ = {isa = PBXFileReference; lastKnownFileType = sourcecode.c.h; path = AppDelegate.h; sourceTree = "<group>"; };
		A81D41F41D224760005D3F4F /* AppDelegate.m */ = {isa = PBXFileReference; lastKnownFileType = sourcecode.c.objc; path = AppDelegate.m; sourceTree = "<group>"; };
		A81D41F61D224760005D3F4F /* ViewController.h */ = {isa = PBXFileReference; lastKnownFileType = sourcecode.c.h; path = ViewController.h; sourceTree = "<group>"; };
		A81D41F71D224760005D3F4F /* ViewController.m */ = {isa = PBXFileReference; lastKnownFileType = sourcecode.c.objc; path = ViewController.m; sourceTree = "<group>"; };
		A81D41FA1D224760005D3F4F /* Base */ = {isa = PBXFileReference; lastKnownFileType = file.storyboard; name = Base; path = Base.lproj/Main.storyboard; sourceTree = "<group>"; };
		A81D41FC1D224760005D3F4F /* Assets.xcassets */ = {isa = PBXFileReference; lastKnownFileType = folder.assetcatalog; path = Assets.xcassets; sourceTree = "<group>"; };
		A81D41FF1D224760005D3F4F /* Base */ = {isa = PBXFileReference; lastKnownFileType = file.storyboard; name = Base; path = Base.lproj/LaunchScreen.storyboard; sourceTree = "<group>"; };
		A81D42011D224760005D3F4F /* Info.plist */ = {isa = PBXFileReference; lastKnownFileType = text.plist.xml; path = Info.plist; sourceTree = "<group>"; };
		A81D42071D2249EE005D3F4F /* BDPerson.h */ = {isa = PBXFileReference; fileEncoding = 4; lastKnownFileType = sourcecode.c.h; path = BDPerson.h; sourceTree = "<group>"; };
		A81D42081D2249EE005D3F4F /* BDPerson.m */ = {isa = PBXFileReference; fileEncoding = 4; lastKnownFileType = sourcecode.c.objc; path = BDPerson.m; sourceTree = "<group>"; };
		A81D420A1D225292005D3F4F /* NSMutableArray+Extension.h */ = {isa = PBXFileReference; fileEncoding = 4; lastKnownFileType = sourcecode.c.h; path = "NSMutableArray+Extension.h"; sourceTree = "<group>"; };
		A81D420B1D225292005D3F4F /* NSMutableArray+Extension.m */ = {isa = PBXFileReference; fileEncoding = 4; lastKnownFileType = sourcecode.c.objc; path = "NSMutableArray+Extension.m"; sourceTree = "<group>"; };
		A81D420D1D225AAF005D3F4F /* Student.h */ = {isa = PBXFileReference; fileEncoding = 4; lastKnownFileType = sourcecode.c.h; path = Student.h; sourceTree = "<group>"; };
		A81D420E1D225AAF005D3F4F /* Student.m */ = {isa = PBXFileReference; fileEncoding = 4; lastKnownFileType = sourcecode.c.objc; path = Student.m; sourceTree = "<group>"; };
/* End PBXFileReference section */

/* Begin PBXFrameworksBuildPhase section */
		A81D41EA1D224760005D3F4F /* Frameworks */ = {
			isa = PBXFrameworksBuildPhase;
			buildActionMask = 2147483647;
			files = (
			);
			runOnlyForDeploymentPostprocessing = 0;
		};
/* End PBXFrameworksBuildPhase section */

/* Begin PBXGroup section */
		A81D41E41D224760005D3F4F = {
			isa = PBXGroup;
			children = (
				A81D41EF1D224760005D3F4F /* MFRunTimeDemo */,
				A81D41EE1D224760005D3F4F /* Products */,
			);
			sourceTree = "<group>";
		};
		A81D41EE1D224760005D3F4F /* Products */ = {
			isa = PBXGroup;
			children = (
				A81D41ED1D224760005D3F4F /* MFRunTimeDemo.app */,
			);
			name = Products;
			sourceTree = "<group>";
		};
		A81D41EF1D224760005D3F4F /* MFRunTimeDemo */ = {
			isa = PBXGroup;
			children = (
				A81D41F31D224760005D3F4F /* AppDelegate.h */,
				A81D41F41D224760005D3F4F /* AppDelegate.m */,
				A81D41F61D224760005D3F4F /* ViewController.h */,
				A81D41F71D224760005D3F4F /* ViewController.m */,
				A81D420D1D225AAF005D3F4F /* Student.h */,
				A81D420E1D225AAF005D3F4F /* Student.m */,
				A81D420A1D225292005D3F4F /* NSMutableArray+Extension.h */,
				A81D420B1D225292005D3F4F /* NSMutableArray+Extension.m */,
				A81D42071D2249EE005D3F4F /* BDPerson.h */,
				A81D42081D2249EE005D3F4F /* BDPerson.m */,
				A81D41F91D224760005D3F4F /* Main.storyboard */,
				A81D41FC1D224760005D3F4F /* Assets.xcassets */,
				A81D41FE1D224760005D3F4F /* LaunchScreen.storyboard */,
				A81D42011D224760005D3F4F /* Info.plist */,
				A81D41F01D224760005D3F4F /* Supporting Files */,
			);
			path = MFRunTimeDemo;
			sourceTree = "<group>";
		};
		A81D41F01D224760005D3F4F /* Supporting Files */ = {
			isa = PBXGroup;
			children = (
				A81D41F11D224760005D3F4F /* main.m */,
			);
			name = "Supporting Files";
			sourceTree = "<group>";
		};
/* End PBXGroup section */

/* Begin PBXNativeTarget section */
		A81D41EC1D224760005D3F4F /* MFRunTimeDemo */ = {
			isa = PBXNativeTarget;
			buildConfigurationList = A81D42041D224760005D3F4F /* Build configuration list for PBXNativeTarget "MFRunTimeDemo" */;
			buildPhases = (
				A81D41E91D224760005D3F4F /* Sources */,
				A81D41EA1D224760005D3F4F /* Frameworks */,
				A81D41EB1D224760005D3F4F /* Resources */,
			);
			buildRules = (
			);
			dependencies = (
			);
			name = MFRunTimeDemo;
			productName = MFRunTimeDemo;
			productReference = A81D41ED1D224760005D3F4F /* MFRunTimeDemo.app */;
			productType = "com.apple.product-type.application";
		};
/* End PBXNativeTarget section */

/* Begin PBXProject section */
		A81D41E51D224760005D3F4F /* Project object */ = {
			isa = PBXProject;
			attributes = {
				LastUpgradeCheck = 0720;
				ORGANIZATIONNAME = "Meng Fan";
				TargetAttributes = {
					A81D41EC1D224760005D3F4F = {
						CreatedOnToolsVersion = 7.2.1;
					};
				};
			};
			buildConfigurationList = A81D41E81D224760005D3F4F /* Build configuration list for PBXProject "MFRunTimeDemo" */;
			compatibilityVersion = "Xcode 3.2";
			developmentRegion = English;
			hasScannedForEncodings = 0;
			knownRegions = (
				en,
				Base,
			);
			mainGroup = A81D41E41D224760005D3F4F;
			productRefGroup = A81D41EE1D224760005D3F4F /* Products */;
			projectDirPath = "";
			projectRoot = "";
			targets = (
				A81D41EC1D224760005D3F4F /* MFRunTimeDemo */,
			);
		};
/* End PBXProject section */

/* Begin PBXResourcesBuildPhase section */
		A81D41EB1D224760005D3F4F /* Resources */ = {
			isa = PBXResourcesBuildPhase;
			buildActionMask = 2147483647;
			files = (
				A81D42001D224760005D3F4F /* LaunchScreen.storyboard in Resources */,
				A81D41FD1D224760005D3F4F /* Assets.xcassets in Resources */,
				A81D41FB1D224760005D3F4F /* Main.storyboard in Resources */,
			);
			runOnlyForDeploymentPostprocessing = 0;
		};
/* End PBXResourcesBuildPhase section */

/* Begin PBXSourcesBuildPhase section */
		A81D41E91D224760005D3F4F /* Sources */ = {
			isa = PBXSourcesBuildPhase;
			buildActionMask = 2147483647;
			files = (
				A81D41F81D224760005D3F4F /* ViewController.m in Sources */,
				A81D41F51D224760005D3F4F /* AppDelegate.m in Sources */,
				A81D42091D2249EE005D3F4F /* BDPerson.m in Sources */,
				A81D41F21D224760005D3F4F /* main.m in Sources */,
				A81D420C1D225292005D3F4F /* NSMutableArray+Extension.m in Sources */,
				A81D420F1D225AAF005D3F4F /* Student.m in Sources */,
			);
			runOnlyForDeploymentPostprocessing = 0;
		};
/* End PBXSourcesBuildPhase section */

/* Begin PBXVariantGroup section */
		A81D41F91D224760005D3F4F /* Main.storyboard */ = {
			isa = PBXVariantGroup;
			children = (
				A81D41FA1D224760005D3F4F /* Base */,
			);
			name = Main.storyboard;
			sourceTree = "<group>";
		};
		A81D41FE1D224760005D3F4F /* LaunchScreen.storyboard */ = {
			isa = PBXVariantGroup;
			children = (
				A81D41FF1D224760005D3F4F /* Base */,
			);
			name = LaunchScreen.storyboard;
			sourceTree = "<group>";
		};
/* End PBXVariantGroup section */

/* Begin XCBuildConfiguration section */
		A81D42021D224760005D3F4F /* Debug */ = {
			isa = XCBuildConfiguration;
			buildSettings = {
				ALWAYS_SEARCH_USER_PATHS = NO;
				CLANG_CXX_LANGUAGE_STANDARD = "gnu++0x";
				CLANG_CXX_LIBRARY = "libc++";
				CLANG_ENABLE_MODULES = YES;
				CLANG_ENABLE_OBJC_ARC = YES;
				CLANG_WARN_BOOL_CONVERSION = YES;
				CLANG_WARN_CONSTANT_CONVERSION = YES;
				CLANG_WARN_DIRECT_OBJC_ISA_USAGE = YES_ERROR;
				CLANG_WARN_EMPTY_BODY = YES;
				CLANG_WARN_ENUM_CONVERSION = YES;
				CLANG_WARN_INT_CONVERSION = YES;
				CLANG_WARN_OBJC_ROOT_CLASS = YES_ERROR;
				CLANG_WARN_UNREACHABLE_CODE = YES;
				CLANG_WARN__DUPLICATE_METHOD_MATCH = YES;
				"CODE_SIGN_IDENTITY[sdk=iphoneos*]" = "iPhone Developer";
				COPY_PHASE_STRIP = NO;
				DEBUG_INFORMATION_FORMAT = dwarf;
				ENABLE_STRICT_OBJC_MSGSEND = YES;
				ENABLE_TESTABILITY = YES;
				GCC_C_LANGUAGE_STANDARD = gnu99;
				GCC_DYNAMIC_NO_PIC = NO;
				GCC_NO_COMMON_BLOCKS = YES;
				GCC_OPTIMIZATION_LEVEL = 0;
				GCC_PREPROCESSOR_DEFINITIONS = (
					"DEBUG=1",
					"$(inherited)",
				);
				GCC_WARN_64_TO_32_BIT_CONVERSION = YES;
				GCC_WARN_ABOUT_RETURN_TYPE = YES_ERROR;
				GCC_WARN_UNDECLARED_SELECTOR = YES;
				GCC_WARN_UNINITIALIZED_AUTOS = YES_AGGRESSIVE;
				GCC_WARN_UNUSED_FUNCTION = YES;
				GCC_WARN_UNUSED_VARIABLE = YES;
				IPHONEOS_DEPLOYMENT_TARGET = 9.2;
				MTL_ENABLE_DEBUG_INFO = YES;
				ONLY_ACTIVE_ARCH = YES;
				SDKROOT = iphoneos;
				TARGETED_DEVICE_FAMILY = "1,2";
			};
			name = Debug;
		};
		A81D42031D224760005D3F4F /* Release */ = {
			isa = XCBuildConfiguration;
			buildSettings = {
				ALWAYS_SEARCH_USER_PATHS = NO;
				CLANG_CXX_LANGUAGE_STANDARD = "gnu++0x";
				CLANG_CXX_LIBRARY = "libc++";
				CLANG_ENABLE_MODULES = YES;
				CLANG_ENABLE_OBJC_ARC = YES;
				CLANG_WARN_BOOL_CONVERSION = YES;
				CLANG_WARN_CONSTANT_CONVERSION = YES;
				CLANG_WARN_DIRECT_OBJC_ISA_USAGE = YES_ERROR;
				CLANG_WARN_EMPTY_BODY = YES;
				CLANG_WARN_ENUM_CONVERSION = YES;
				CLANG_WARN_INT_CONVERSION = YES;
				CLANG_WARN_OBJC_ROOT_CLASS = YES_ERROR;
				CLANG_WARN_UNREACHABLE_CODE = YES;
				CLANG_WARN__DUPLICATE_METHOD_MATCH = YES;
				"CODE_SIGN_IDENTITY[sdk=iphoneos*]" = "iPhone Developer";
				COPY_PHASE_STRIP = NO;
				DEBUG_INFORMATION_FORMAT = "dwarf-with-dsym";
				ENABLE_NS_ASSERTIONS = NO;
				ENABLE_STRICT_OBJC_MSGSEND = YES;
				GCC_C_LANGUAGE_STANDARD = gnu99;
				GCC_NO_COMMON_BLOCKS = YES;
				GCC_WARN_64_TO_32_BIT_CONVERSION = YES;
				GCC_WARN_ABOUT_RETURN_TYPE = YES_ERROR;
				GCC_WARN_UNDECLARED_SELECTOR = YES;
				GCC_WARN_UNINITIALIZED_AUTOS = YES_AGGRESSIVE;
				GCC_WARN_UNUSED_FUNCTION = YES;
				GCC_WARN_UNUSED_VARIABLE = YES;
				IPHONEOS_DEPLOYMENT_TARGET = 9.2;
				MTL_ENABLE_DEBUG_INFO = NO;
				SDKROOT = iphoneos;
				TARGETED_DEVICE_FAMILY = "1,2";
				VALIDATE_PRODUCT = YES;
			};
			name = Release;
		};
		A81D42051D224760005D3F4F /* Debug */ = {
			isa = XCBuildConfiguration;
			buildSettings = {
				ASSETCATALOG_COMPILER_APPICON_NAME = AppIcon;
				INFOPLIST_FILE = MFRunTimeDemo/Info.plist;
				LD_RUNPATH_SEARCH_PATHS = "$(inherited) @executable_path/Frameworks";
				PRODUCT_BUNDLE_IDENTIFIER = "com.dk.-.MFRunTimeDemo";
				PRODUCT_NAME = "$(TARGET_NAME)";
			};
			name = Debug;
		};
		A81D42061D224760005D3F4F /* Release */ = {
			isa = XCBuildConfiguration;
			buildSettings = {
				ASSETCATALOG_COMPILER_APPICON_NAME = AppIcon;
				INFOPLIST_FILE = MFRunTimeDemo/Info.plist;
				LD_RUNPATH_SEARCH_PATHS = "$(inherited) @executable_path/Frameworks";
				PRODUCT_BUNDLE_IDENTIFIER = "com.dk.-.MFRunTimeDemo";
				PRODUCT_NAME = "$(TARGET_NAME)";
			};
			name = Release;
		};
/* End XCBuildConfiguration section */

/* Begin XCConfigurationList section */
		A81D41E81D224760005D3F4F /* Build configuration list for PBXProject "MFRunTimeDemo" */ = {
			isa = XCConfigurationList;
			buildConfigurations = (
				A81D42021D224760005D3F4F /* Debug */,
				A81D42031D224760005D3F4F /* Release */,
			);
			defaultConfigurationIsVisible = 0;
			defaultConfigurationName = Release;
		};
		A81D42041D224760005D3F4F /* Build configuration list for PBXNativeTarget "MFRunTimeDemo" */ = {
			isa = XCConfigurationList;
			buildConfigurations = (
				A81D42051D224760005D3F4F /* Debug */,
				A81D42061D224760005D3F4F /* Release */,
			);
			defaultConfigurationIsVisible = 0;
		};
/* End XCConfigurationList section */
	};
	rootObject = A81D41E51D224760005D3F4F /* Project object */;
}
